{
  "nodes": {
    "nixpkgs": {
      "locked": {
        "lastModified": 1651007983,
        "narHash": "sha256-GNay7yDPtLcRcKCNHldug85AhAvBpTtPEJWSSDYBw8U=",
        "owner": "NixOS",
        "repo": "nixpkgs",
        "rev": "e10da1c7f542515b609f8dfbcf788f3d85b14936",
        "type": "github"
      },
      "original": {
        "owner": "NixOS",
        "ref": "nixos-unstable",
        "repo": "nixpkgs",
        "type": "github"
      }
    },
    "powercord": {
      "flake": false,
      "locked": {
        "lastModified": 1651201279,
        "narHash": "sha256-V9gHUYTp4z9gXXpJ/3i3yTNW3Wk5g2eCwBgcGeSG20M=",
        "owner": "powercord-org",
        "repo": "powercord",
        "rev": "47592468f5490272af7301315cab11df0db702f8",
        "type": "github"
      },
      "original": {
        "owner": "powercord-org",
        "repo": "powercord",
        "type": "github"
      }
    },
    "root": {
      "inputs": {
        "nixpkgs": "nixpkgs",
        "powercord": "powercord"
      }
    }
  },
  "root": "root",
  "version": 7
}
