{
  "nodes": {
    "nixpkgs": {
      "locked": {
        "lastModified": 1654230545,
        "narHash": "sha256-8Vlwf0x8ow6pPOK2a04bT+pxIeRnM1+O0Xv9/CuDzRs=",
        "owner": "NixOS",
        "repo": "nixpkgs",
        "rev": "236cc2971ac72acd90f0ae3a797f9f83098b17ec",
        "type": "github"
      },
      "original": {
        "owner": "NixOS",
        "ref": "nixos-unstable",
        "repo": "nixpkgs",
        "type": "github"
      }
    },
    "powercord": {
      "flake": false,
      "locked": {
        "lastModified": 1654542630,
        "narHash": "sha256-m1o0Ahox1Uc58608kJCBmkAYKvsStbcuNl1bEsPjco4=",
        "owner": "powercord-org",
        "repo": "powercord",
        "rev": "92ceae90cd7b7f2c31a11da84e8622095025a25a",
        "type": "github"
      },
      "original": {
        "owner": "powercord-org",
        "repo": "powercord",
        "type": "github"
      }
    },
    "root": {
      "inputs": {
        "nixpkgs": "nixpkgs",
        "powercord": "powercord"
      }
    }
  },
  "root": "root",
  "version": 7
}
