{
  "nodes": {
    "nixpkgs": {
      "locked": {
        "lastModified": 1641230035,
        "narHash": "sha256-hFyqihERaTbLxCOlugy/rpp22VLtLh8SPRnA2uu3F/8=",
        "owner": "NixOS",
        "repo": "nixpkgs",
        "rev": "78cd22c1b8604de423546cd49bfe264b786eca13",
        "type": "github"
      },
      "original": {
        "owner": "NixOS",
        "ref": "nixos-unstable",
        "repo": "nixpkgs",
        "type": "github"
      }
    },
    "powercord": {
      "flake": false,
      "locked": {
        "lastModified": 1640708207,
        "narHash": "sha256-bZfAf3DqoAmqCuPfkvBT6TfAEJWYRZ8jT7azj/HZ7W0=",
        "owner": "powercord-org",
        "repo": "powercord",
        "rev": "8872f5f30ac135dce24a542ede4087499c204b79",
        "type": "github"
      },
      "original": {
        "owner": "powercord-org",
        "repo": "powercord",
        "type": "github"
      }
    },
    "root": {
      "inputs": {
        "nixpkgs": "nixpkgs",
        "powercord": "powercord"
      }
    }
  },
  "root": "root",
  "version": 7
}
